
Microsoft Visual Studio Solution File, Format Version 12.00
# Visual Studio Version 17
VisualStudioVersion = 17.8.34525.116
MinimumVisualStudioVersion = 10.0.40219.1
Project("{FAE04EC0-301F-11D3-BF4B-00C04F79EFBC}") = "Activida3LengProg03", "Activida3LengProg03\Activida3LengProg03.csproj", "{E1AF5898-30CD-42BA-A10E-64C543B87E16}"
EndProject
Global
	GlobalSection(SolutionConfigurationPlatforms) = preSolution
		Debug|Any CPU = Debug|Any CPU
		Release|Any CPU = Release|Any CPU
	EndGlobalSection
	GlobalSection(ProjectConfigurationPlatforms) = postSolution
		{E1AF5898-30CD-42BA-A10E-64C543B87E16}.Debug|Any CPU.ActiveCfg = Debug|Any CPU
		{E1AF5898-30CD-42BA-A10E-64C543B87E16}.Debug|Any CPU.Build.0 = Debug|Any CPU
		{E1AF5898-30CD-42BA-A10E-64C543B87E16}.Release|Any CPU.ActiveCfg = Release|Any CPU
		{E1AF5898-30CD-42BA-A10E-64C543B87E16}.Release|Any CPU.Build.0 = Release|Any CPU
	EndGlobalSection
	GlobalSection(SolutionProperties) = preSolution
		HideSolutionNode = FALSE
	EndGlobalSection
	GlobalSection(ExtensibilityGlobals) = postSolution
		SolutionGuid = {F0EF19EA-E93D-4FA4-BB61-4711AD5E758F}
	EndGlobalSection
EndGlobal
